<?xml version="1.0" encoding="utf-8"?>
<Project ToolsVersion="4.0" xmlns="http://schemas.microsoft.com/developer/msbuild/2003">
  <ItemGroup>
    <Filter Include="Source Files">
      <UniqueIdentifier>{4FC737F1-C7A5-4376-A066-2A32D752A2FF}</UniqueIdentifier>
      <Extensions>cpp;c;cc;cxx;c++;cppm;ixx;def;odl;idl;hpj;bat;asm;asmx</Extensions>
    </Filter>
    <Filter Include="Header Files">
      <UniqueIdentifier>{93995380-89BD-4b04-88EB-625FBE52EBFB}</UniqueIdentifier>
      <Extensions>h;hh;hpp;hxx;h++;hm;inl;inc;ipp;xsd</Extensions>
    </Filter>
    <Filter Include="Resource Files">
      <UniqueIdentifier>{67DA6AB6-F800-4c08-8B7A-83BB121AAD01}</UniqueIdentifier>
      <Extensions>rc;ico;cur;bmp;dlg;rc2;rct;bin;rgs;gif;jpg;jpeg;jpe;resx;tiff;tif;png;wav;mfcribbon-ms</Extensions>
    </Filter>
  </ItemGroup>
  <ItemGroup>
    <ClCompile Include="001_命名空间-project2.cpp">
      <Filter>Resource Files</Filter>
    </ClCompile>
    <ClCompile Include="001_命名空间-project3.cpp">
      <Filter>Resource Files</Filter>
    </ClCompile>
    <ClCompile Include="002_基本输入输出cin-cout精解.cpp">
      <Filter>Resource Files</Filter>
    </ClCompile>
    <ClCompile Include="003_auto-头文件防卫-引用-常量.cpp">
      <Filter>Resource Files</Filter>
    </ClCompile>
    <ClCompile Include="004_范围for-new内存动态分配-nullptr.cpp">
      <Filter>Resource Files</Filter>
    </ClCompile>
    <ClCompile Include="005_结构-权限修饰符-类简介.cpp">
      <Filter>Resource Files</Filter>
    </ClCompile>
    <ClCompile Include="005_student.cpp">
      <Filter>Resource Files</Filter>
    </ClCompile>
    <ClCompile Include="006_函数新特性-内联函数-const详解.cpp">
      <Filter>Resource Files</Filter>
    </ClCompile>
    <ClCompile Include="006_func.cpp">
      <Filter>Resource Files</Filter>
    </ClCompile>
    <ClCompile Include="006_测试函数定义代码的位置.cpp">
      <Filter>Resource Files</Filter>
    </ClCompile>
    <ClCompile Include="007_string类型介绍.cpp">
      <Filter>Resource Files</Filter>
    </ClCompile>
    <ClCompile Include="008_vector类型介绍.cpp">
      <Filter>Resource Files</Filter>
    </ClCompile>
    <ClCompile Include="009_迭代器精彩演绎，失效分析及弥补、实战.cpp">
      <Filter>Resource Files</Filter>
    </ClCompile>
    <ClCompile Include="c1.cpp">
      <Filter>Resource Files</Filter>
    </ClCompile>
    <ClCompile Include="010_类型转换-static_cast等.cpp">
      <Filter>Resource Files</Filter>
    </ClCompile>
    <ClCompile Include="011_类_成员函数-对象拷贝-私有成员.cpp">
      <Filter>Resource Files</Filter>
    </ClCompile>
    <ClCompile Include="011_Time.cpp">
      <Filter>Resource Files</Filter>
    </ClCompile>
    <ClCompile Include="011_测试-多文件导入相同头文件.cpp">
      <Filter>Resource Files</Filter>
    </ClCompile>
    <ClCompile Include="012_构造函数详解-explicit-构造函数初始化列表.cpp">
      <Filter>Resource Files</Filter>
    </ClCompile>
    <ClCompile Include="012_Time.cpp">
      <Filter>Resource Files</Filter>
    </ClCompile>
  </ItemGroup>
  <ItemGroup>
    <ClInclude Include="001_命名空间-project3.h">
      <Filter>Header Files</Filter>
    </ClInclude>
    <ClInclude Include="003_head1.h">
      <Filter>Header Files</Filter>
    </ClInclude>
    <ClInclude Include="003_head2.h">
      <Filter>Header Files</Filter>
    </ClInclude>
    <ClInclude Include="005_student.h">
      <Filter>Header Files</Filter>
    </ClInclude>
    <ClInclude Include="006_head1.h">
      <Filter>Header Files</Filter>
    </ClInclude>
    <ClInclude Include="011_Time.h">
      <Filter>Header Files</Filter>
    </ClInclude>
    <ClInclude Include="012_Time.h">
      <Filter>Header Files</Filter>
    </ClInclude>
  </ItemGroup>
</Project>